// !$*UTF8*$!
{
	archiveVersion = 1;
	classes = {
	};
	objectVersion = 55;
	objects = {

/* Begin PBXBuildFile section */
		853E27CC29B3081D00188EAC /* ffavc.h in Headers */ = {isa = PBXBuildFile; fileRef = 853E27C729B3081D00188EAC /* ffavc.h */; settings = {ATTRIBUTES = (Public, ); }; };
		853E27CD29B3081D00188EAC /* movie.h in Headers */ = {isa = PBXBuildFile; fileRef = 853E27C929B3081D00188EAC /* movie.h */; settings = {ATTRIBUTES = (Public, ); }; };
		853E27CE29B3081D00188EAC /* decoder.h in Headers */ = {isa = PBXBuildFile; fileRef = 853E27CB29B3081D00188EAC /* decoder.h */; };
		853E27F029B3082F00188EAC /* MediaFormat.cpp in Sources */ = {isa = PBXBuildFile; fileRef = 853E27D029B3082F00188EAC /* MediaFormat.cpp */; };
		853E27F129B3082F00188EAC /* FFAVCDecoder.h in Headers */ = {isa = PBXBuildFile; fileRef = 853E27D329B3082F00188EAC /* FFAVCDecoder.h */; };
		853E27F229B3082F00188EAC /* FFAVCDecoder.cpp in Sources */ = {isa = PBXBuildFile; fileRef = 853E27D429B3082F00188EAC /* FFAVCDecoder.cpp */; };
		853E27F329B3082F00188EAC /* FFmpegVideoDemuxer.h in Headers */ = {isa = PBXBuildFile; fileRef = 853E27D629B3082F00188EAC /* FFmpegVideoDemuxer.h */; };
		853E27F429B3082F00188EAC /* FFmpegVideoDemuxer.cpp in Sources */ = {isa = PBXBuildFile; fileRef = 853E27D729B3082F00188EAC /* FFmpegVideoDemuxer.cpp */; };
		853E27F529B3082F00188EAC /* StringUtils.h in Headers */ = {isa = PBXBuildFile; fileRef = 853E27D929B3082F00188EAC /* StringUtils.h */; };
		853E27F629B3082F00188EAC /* FFmpegUtils.cpp in Sources */ = {isa = PBXBuildFile; fileRef = 853E27DA29B3082F00188EAC /* FFmpegUtils.cpp */; };
		853E27F729B3082F00188EAC /* FFmpegUtils.h in Headers */ = {isa = PBXBuildFile; fileRef = 853E27DB29B3082F00188EAC /* FFmpegUtils.h */; };
		853E27F829B3082F00188EAC /* LockGuard.h in Headers */ = {isa = PBXBuildFile; fileRef = 853E27DC29B3082F00188EAC /* LockGuard.h */; };
		853E27F929B3082F00188EAC /* ByteData.cpp in Sources */ = {isa = PBXBuildFile; fileRef = 853E27DD29B3082F00188EAC /* ByteData.cpp */; };
		853E27FA29B3082F00188EAC /* FFmpegAudioDecoder.h in Headers */ = {isa = PBXBuildFile; fileRef = 853E27E029B3082F00188EAC /* FFmpegAudioDecoder.h */; };
		853E27FB29B3082F00188EAC /* FFmpegAudioDecoder.cpp in Sources */ = {isa = PBXBuildFile; fileRef = 853E27E129B3082F00188EAC /* FFmpegAudioDecoder.cpp */; };
		853E27FC29B3082F00188EAC /* FFmpegAudioDemuxer.cpp in Sources */ = {isa = PBXBuildFile; fileRef = 853E27E329B3082F00188EAC /* FFmpegAudioDemuxer.cpp */; };
		853E27FD29B3082F00188EAC /* FFmpegAudioDemuxer.h in Headers */ = {isa = PBXBuildFile; fileRef = 853E27E429B3082F00188EAC /* FFmpegAudioDemuxer.h */; };
		853E27FE29B3082F00188EAC /* AudioUtils.h in Headers */ = {isa = PBXBuildFile; fileRef = 853E27E529B3082F00188EAC /* AudioUtils.h */; };
		853E27FF29B3082F00188EAC /* AudioFormatConverter.cpp in Sources */ = {isa = PBXBuildFile; fileRef = 853E27E729B3082F00188EAC /* AudioFormatConverter.cpp */; };
		853E280029B3082F00188EAC /* AudioFormatConverter.h in Headers */ = {isa = PBXBuildFile; fileRef = 853E27E829B3082F00188EAC /* AudioFormatConverter.h */; };
		853E280129B3082F00188EAC /* FFmpegAudioEncoder.cpp in Sources */ = {isa = PBXBuildFile; fileRef = 853E27EA29B3082F00188EAC /* FFmpegAudioEncoder.cpp */; };
		853E280229B3082F00188EAC /* FFmpegVideoEncoder.h in Headers */ = {isa = PBXBuildFile; fileRef = 853E27EB29B3082F00188EAC /* FFmpegVideoEncoder.h */; };
		853E280329B3082F00188EAC /* FFmpegMuxer.cpp in Sources */ = {isa = PBXBuildFile; fileRef = 853E27EC29B3082F00188EAC /* FFmpegMuxer.cpp */; };
		853E280429B3082F00188EAC /* FFmpegVideoEncoder.cpp in Sources */ = {isa = PBXBuildFile; fileRef = 853E27ED29B3082F00188EAC /* FFmpegVideoEncoder.cpp */; };
		853E280529B3082F00188EAC /* FFmpegAudioEncoder.h in Headers */ = {isa = PBXBuildFile; fileRef = 853E27EE29B3082F00188EAC /* FFmpegAudioEncoder.h */; };
		853E280629B3082F00188EAC /* FFmpegMuxer.h in Headers */ = {isa = PBXBuildFile; fileRef = 853E27EF29B3082F00188EAC /* FFmpegMuxer.h */; };
		85FDADCF29B603D100DE5029 /* ffmovie-vendor.xcframework in Frameworks */ = {isa = PBXBuildFile; fileRef = 85FDADCB29B6013300DE5029 /* ffmovie-vendor.xcframework */; };
/* End PBXBuildFile section */

/* Begin PBXFileReference section */
		850CE63329B2D2C600A01681 /* FFMovie.framework */ = {isa = PBXFileReference; explicitFileType = wrapper.framework; includeInIndex = 0; path = FFMovie.framework; sourceTree = BUILT_PRODUCTS_DIR; };
		853E27C729B3081D00188EAC /* ffavc.h */ = {isa = PBXFileReference; fileEncoding = 4; lastKnownFileType = sourcecode.c.h; path = ffavc.h; sourceTree = "<group>"; };
		853E27C929B3081D00188EAC /* movie.h */ = {isa = PBXFileReference; fileEncoding = 4; lastKnownFileType = sourcecode.c.h; path = movie.h; sourceTree = "<group>"; };
		853E27CB29B3081D00188EAC /* decoder.h */ = {isa = PBXFileReference; fileEncoding = 4; lastKnownFileType = sourcecode.c.h; path = decoder.h; sourceTree = "<group>"; };
		853E27D029B3082F00188EAC /* MediaFormat.cpp */ = {isa = PBXFileReference; fileEncoding = 4; lastKnownFileType = sourcecode.cpp.cpp; path = MediaFormat.cpp; sourceTree = "<group>"; };
		853E27D329B3082F00188EAC /* FFAVCDecoder.h */ = {isa = PBXFileReference; fileEncoding = 4; lastKnownFileType = sourcecode.c.h; path = FFAVCDecoder.h; sourceTree = "<group>"; };
		853E27D429B3082F00188EAC /* FFAVCDecoder.cpp */ = {isa = PBXFileReference; fileEncoding = 4; lastKnownFileType = sourcecode.cpp.cpp; path = FFAVCDecoder.cpp; sourceTree = "<group>"; };
		853E27D629B3082F00188EAC /* FFmpegVideoDemuxer.h */ = {isa = PBXFileReference; fileEncoding = 4; lastKnownFileType = sourcecode.c.h; path = FFmpegVideoDemuxer.h; sourceTree = "<group>"; };
		853E27D729B3082F00188EAC /* FFmpegVideoDemuxer.cpp */ = {isa = PBXFileReference; fileEncoding = 4; lastKnownFileType = sourcecode.cpp.cpp; path = FFmpegVideoDemuxer.cpp; sourceTree = "<group>"; };
		853E27D929B3082F00188EAC /* StringUtils.h */ = {isa = PBXFileReference; fileEncoding = 4; lastKnownFileType = sourcecode.c.h; path = StringUtils.h; sourceTree = "<group>"; };
		853E27DA29B3082F00188EAC /* FFmpegUtils.cpp */ = {isa = PBXFileReference; fileEncoding = 4; lastKnownFileType = sourcecode.cpp.cpp; path = FFmpegUtils.cpp; sourceTree = "<group>"; };
		853E27DB29B3082F00188EAC /* FFmpegUtils.h */ = {isa = PBXFileReference; fileEncoding = 4; lastKnownFileType = sourcecode.c.h; path = FFmpegUtils.h; sourceTree = "<group>"; };
		853E27DC29B3082F00188EAC /* LockGuard.h */ = {isa = PBXFileReference; fileEncoding = 4; lastKnownFileType = sourcecode.c.h; path = LockGuard.h; sourceTree = "<group>"; };
		853E27DD29B3082F00188EAC /* ByteData.cpp */ = {isa = PBXFileReference; fileEncoding = 4; lastKnownFileType = sourcecode.cpp.cpp; path = ByteData.cpp; sourceTree = "<group>"; };
		853E27E029B3082F00188EAC /* FFmpegAudioDecoder.h */ = {isa = PBXFileReference; fileEncoding = 4; lastKnownFileType = sourcecode.c.h; path = FFmpegAudioDecoder.h; sourceTree = "<group>"; };
		853E27E129B3082F00188EAC /* FFmpegAudioDecoder.cpp */ = {isa = PBXFileReference; fileEncoding = 4; lastKnownFileType = sourcecode.cpp.cpp; path = FFmpegAudioDecoder.cpp; sourceTree = "<group>"; };
		853E27E329B3082F00188EAC /* FFmpegAudioDemuxer.cpp */ = {isa = PBXFileReference; fileEncoding = 4; lastKnownFileType = sourcecode.cpp.cpp; path = FFmpegAudioDemuxer.cpp; sourceTree = "<group>"; };
		853E27E429B3082F00188EAC /* FFmpegAudioDemuxer.h */ = {isa = PBXFileReference; fileEncoding = 4; lastKnownFileType = sourcecode.c.h; path = FFmpegAudioDemuxer.h; sourceTree = "<group>"; };
		853E27E529B3082F00188EAC /* AudioUtils.h */ = {isa = PBXFileReference; fileEncoding = 4; lastKnownFileType = sourcecode.c.h; path = AudioUtils.h; sourceTree = "<group>"; };
		853E27E729B3082F00188EAC /* AudioFormatConverter.cpp */ = {isa = PBXFileReference; fileEncoding = 4; lastKnownFileType = sourcecode.cpp.cpp; path = AudioFormatConverter.cpp; sourceTree = "<group>"; };
		853E27E829B3082F00188EAC /* AudioFormatConverter.h */ = {isa = PBXFileReference; fileEncoding = 4; lastKnownFileType = sourcecode.c.h; path = AudioFormatConverter.h; sourceTree = "<group>"; };
		853E27EA29B3082F00188EAC /* FFmpegAudioEncoder.cpp */ = {isa = PBXFileReference; fileEncoding = 4; lastKnownFileType = sourcecode.cpp.cpp; path = FFmpegAudioEncoder.cpp; sourceTree = "<group>"; };
		853E27EB29B3082F00188EAC /* FFmpegVideoEncoder.h */ = {isa = PBXFileReference; fileEncoding = 4; lastKnownFileType = sourcecode.c.h; path = FFmpegVideoEncoder.h; sourceTree = "<group>"; };
		853E27EC29B3082F00188EAC /* FFmpegMuxer.cpp */ = {isa = PBXFileReference; fileEncoding = 4; lastKnownFileType = sourcecode.cpp.cpp; path = FFmpegMuxer.cpp; sourceTree = "<group>"; };
		853E27ED29B3082F00188EAC /* FFmpegVideoEncoder.cpp */ = {isa = PBXFileReference; fileEncoding = 4; lastKnownFileType = sourcecode.cpp.cpp; path = FFmpegVideoEncoder.cpp; sourceTree = "<group>"; };
		853E27EE29B3082F00188EAC /* FFmpegAudioEncoder.h */ = {isa = PBXFileReference; fileEncoding = 4; lastKnownFileType = sourcecode.c.h; path = FFmpegAudioEncoder.h; sourceTree = "<group>"; };
		853E27EF29B3082F00188EAC /* FFmpegMuxer.h */ = {isa = PBXFileReference; fileEncoding = 4; lastKnownFileType = sourcecode.c.h; path = FFmpegMuxer.h; sourceTree = "<group>"; };
		85FDADCB29B6013300DE5029 /* ffmovie-vendor.xcframework */ = {isa = PBXFileReference; lastKnownFileType = wrapper.xcframework; name = "ffmovie-vendor.xcframework"; path = "../out/ffmovie/ios/ffmovie-vendor.xcframework"; sourceTree = "<group>"; };
/* End PBXFileReference section */

/* Begin PBXFrameworksBuildPhase section */
		850CE63029B2D2C600A01681 /* Frameworks */ = {
			isa = PBXFrameworksBuildPhase;
			buildActionMask = 2147483647;
			files = (
				85FDADCF29B603D100DE5029 /* ffmovie-vendor.xcframework in Frameworks */,
			);
			runOnlyForDeploymentPostprocessing = 0;
		};
/* End PBXFrameworksBuildPhase section */

/* Begin PBXGroup section */
		850CE62929B2D2C600A01681 = {
			isa = PBXGroup;
			children = (
				853E27CF29B3082F00188EAC /* src */,
				853E27C629B3081D00188EAC /* include */,
				850CE63429B2D2C600A01681 /* Products */,
				853BA35E29B30BB800167048 /* Frameworks */,
			);
			sourceTree = "<group>";
		};
		850CE63429B2D2C600A01681 /* Products */ = {
			isa = PBXGroup;
			children = (
				850CE63329B2D2C600A01681 /* FFMovie.framework */,
			);
			name = Products;
			sourceTree = "<group>";
		};
		853BA35E29B30BB800167048 /* Frameworks */ = {
			isa = PBXGroup;
			children = (
				85FDADCB29B6013300DE5029 /* ffmovie-vendor.xcframework */,
			);
			name = Frameworks;
			sourceTree = "<group>";
		};
		853E27C629B3081D00188EAC /* include */ = {
			isa = PBXGroup;
			children = (
				853E27C729B3081D00188EAC /* ffavc.h */,
				853E27C829B3081D00188EAC /* ffmovie */,
				853E27CA29B3081D00188EAC /* pag */,
			);
			name = include;
			path = ../include;
			sourceTree = "<group>";
		};
		853E27C829B3081D00188EAC /* ffmovie */ = {
			isa = PBXGroup;
			children = (
				853E27C929B3081D00188EAC /* movie.h */,
			);
			path = ffmovie;
			sourceTree = "<group>";
		};
		853E27CA29B3081D00188EAC /* pag */ = {
			isa = PBXGroup;
			children = (
				853E27CB29B3081D00188EAC /* decoder.h */,
			);
			path = pag;
			sourceTree = "<group>";
		};
		853E27CF29B3082F00188EAC /* src */ = {
			isa = PBXGroup;
			children = (
				853E27D029B3082F00188EAC /* MediaFormat.cpp */,
				853E27D129B3082F00188EAC /* video */,
				853E27D829B3082F00188EAC /* utils */,
				853E27DD29B3082F00188EAC /* ByteData.cpp */,
				853E27DE29B3082F00188EAC /* audio */,
				853E27E929B3082F00188EAC /* export */,
			);
			name = src;
			path = ../src;
			sourceTree = "<group>";
		};
		853E27D129B3082F00188EAC /* video */ = {
			isa = PBXGroup;
			children = (
				853E27D229B3082F00188EAC /* decoder */,
				853E27D529B3082F00188EAC /* demuxer */,
			);
			path = video;
			sourceTree = "<group>";
		};
		853E27D229B3082F00188EAC /* decoder */ = {
			isa = PBXGroup;
			children = (
				853E27D329B3082F00188EAC /* FFAVCDecoder.h */,
				853E27D429B3082F00188EAC /* FFAVCDecoder.cpp */,
			);
			path = decoder;
			sourceTree = "<group>";
		};
		853E27D529B3082F00188EAC /* demuxer */ = {
			isa = PBXGroup;
			children = (
				853E27D629B3082F00188EAC /* FFmpegVideoDemuxer.h */,
				853E27D729B3082F00188EAC /* FFmpegVideoDemuxer.cpp */,
			);
			path = demuxer;
			sourceTree = "<group>";
		};
		853E27D829B3082F00188EAC /* utils */ = {
			isa = PBXGroup;
			children = (
				853E27D929B3082F00188EAC /* StringUtils.h */,
				853E27DA29B3082F00188EAC /* FFmpegUtils.cpp */,
				853E27DB29B3082F00188EAC /* FFmpegUtils.h */,
				853E27DC29B3082F00188EAC /* LockGuard.h */,
			);
			path = utils;
			sourceTree = "<group>";
		};
		853E27DE29B3082F00188EAC /* audio */ = {
			isa = PBXGroup;
			children = (
				853E27DF29B3082F00188EAC /* decode */,
				853E27E229B3082F00188EAC /* demux */,
				853E27E529B3082F00188EAC /* AudioUtils.h */,
				853E27E629B3082F00188EAC /* process */,
			);
			path = audio;
			sourceTree = "<group>";
		};
		853E27DF29B3082F00188EAC /* decode */ = {
			isa = PBXGroup;
			children = (
				853E27E029B3082F00188EAC /* FFmpegAudioDecoder.h */,
				853E27E129B3082F00188EAC /* FFmpegAudioDecoder.cpp */,
			);
			path = decode;
			sourceTree = "<group>";
		};
		853E27E229B3082F00188EAC /* demux */ = {
			isa = PBXGroup;
			children = (
				853E27E329B3082F00188EAC /* FFmpegAudioDemuxer.cpp */,
				853E27E429B3082F00188EAC /* FFmpegAudioDemuxer.h */,
			);
			path = demux;
			sourceTree = "<group>";
		};
		853E27E629B3082F00188EAC /* process */ = {
			isa = PBXGroup;
			children = (
				853E27E729B3082F00188EAC /* AudioFormatConverter.cpp */,
				853E27E829B3082F00188EAC /* AudioFormatConverter.h */,
			);
			path = process;
			sourceTree = "<group>";
		};
		853E27E929B3082F00188EAC /* export */ = {
			isa = PBXGroup;
			children = (
				853E27EA29B3082F00188EAC /* FFmpegAudioEncoder.cpp */,
				853E27EB29B3082F00188EAC /* FFmpegVideoEncoder.h */,
				853E27EC29B3082F00188EAC /* FFmpegMuxer.cpp */,
				853E27ED29B3082F00188EAC /* FFmpegVideoEncoder.cpp */,
				853E27EE29B3082F00188EAC /* FFmpegAudioEncoder.h */,
				853E27EF29B3082F00188EAC /* FFmpegMuxer.h */,
			);
			path = export;
			sourceTree = "<group>";
		};
/* End PBXGroup section */

/* Begin PBXHeadersBuildPhase section */
		850CE62E29B2D2C600A01681 /* Headers */ = {
			isa = PBXHeadersBuildPhase;
			buildActionMask = 2147483647;
			files = (
				853E27CD29B3081D00188EAC /* movie.h in Headers */,
				853E27CC29B3081D00188EAC /* ffavc.h in Headers */,
				853E27F329B3082F00188EAC /* FFmpegVideoDemuxer.h in Headers */,
				853E27F529B3082F00188EAC /* StringUtils.h in Headers */,
				853E27F129B3082F00188EAC /* FFAVCDecoder.h in Headers */,
				853E280029B3082F00188EAC /* AudioFormatConverter.h in Headers */,
				853E280229B3082F00188EAC /* FFmpegVideoEncoder.h in Headers */,
				853E280629B3082F00188EAC /* FFmpegMuxer.h in Headers */,
				853E27CE29B3081D00188EAC /* decoder.h in Headers */,
				853E27F829B3082F00188EAC /* LockGuard.h in Headers */,
				853E27FE29B3082F00188EAC /* AudioUtils.h in Headers */,
				853E280529B3082F00188EAC /* FFmpegAudioEncoder.h in Headers */,
				853E27FA29B3082F00188EAC /* FFmpegAudioDecoder.h in Headers */,
				853E27F729B3082F00188EAC /* FFmpegUtils.h in Headers */,
				853E27FD29B3082F00188EAC /* FFmpegAudioDemuxer.h in Headers */,
			);
			runOnlyForDeploymentPostprocessing = 0;
		};
/* End PBXHeadersBuildPhase section */

/* Begin PBXNativeTarget section */
		850CE63229B2D2C600A01681 /* FFMovie */ = {
			isa = PBXNativeTarget;
			buildConfigurationList = 850CE64729B2D2C600A01681 /* Build configuration list for PBXNativeTarget "FFMovie" */;
			buildPhases = (
				850CE62E29B2D2C600A01681 /* Headers */,
				850CE62F29B2D2C600A01681 /* Sources */,
				850CE63029B2D2C600A01681 /* Frameworks */,
				850CE63129B2D2C600A01681 /* Resources */,
			);
			buildRules = (
			);
			dependencies = (
			);
			name = FFMovie;
			productName = FFMovie;
			productReference = 850CE63329B2D2C600A01681 /* FFMovie.framework */;
			productType = "com.apple.product-type.framework";
		};
/* End PBXNativeTarget section */

/* Begin PBXProject section */
		850CE62A29B2D2C600A01681 /* Project object */ = {
			isa = PBXProject;
			attributes = {
				BuildIndependentTargetsInParallel = 1;
				LastUpgradeCheck = 1330;
				TargetAttributes = {
					850CE63229B2D2C600A01681 = {
						CreatedOnToolsVersion = 13.3.1;
					};
				};
			};
			buildConfigurationList = 850CE62D29B2D2C600A01681 /* Build configuration list for PBXProject "FFMovie" */;
			compatibilityVersion = "Xcode 13.0";
			developmentRegion = en;
			hasScannedForEncodings = 0;
			knownRegions = (
				en,
				Base,
			);
			mainGroup = 850CE62929B2D2C600A01681;
			productRefGroup = 850CE63429B2D2C600A01681 /* Products */;
			projectDirPath = "";
			projectRoot = "";
			targets = (
				850CE63229B2D2C600A01681 /* FFMovie */,
			);
		};
/* End PBXProject section */

/* Begin PBXResourcesBuildPhase section */
		850CE63129B2D2C600A01681 /* Resources */ = {
			isa = PBXResourcesBuildPhase;
			buildActionMask = 2147483647;
			files = (
			);
			runOnlyForDeploymentPostprocessing = 0;
		};
/* End PBXResourcesBuildPhase section */

/* Begin PBXSourcesBuildPhase section */
		850CE62F29B2D2C600A01681 /* Sources */ = {
			isa = PBXSourcesBuildPhase;
			buildActionMask = 2147483647;
			files = (
				853E27FB29B3082F00188EAC /* FFmpegAudioDecoder.cpp in Sources */,
				853E27F029B3082F00188EAC /* MediaFormat.cpp in Sources */,
				853E280329B3082F00188EAC /* FFmpegMuxer.cpp in Sources */,
				853E27FC29B3082F00188EAC /* FFmpegAudioDemuxer.cpp in Sources */,
				853E27F229B3082F00188EAC /* FFAVCDecoder.cpp in Sources */,
				853E27FF29B3082F00188EAC /* AudioFormatConverter.cpp in Sources */,
				853E27F629B3082F00188EAC /* FFmpegUtils.cpp in Sources */,
				853E280129B3082F00188EAC /* FFmpegAudioEncoder.cpp in Sources */,
				853E27F929B3082F00188EAC /* ByteData.cpp in Sources */,
				853E280429B3082F00188EAC /* FFmpegVideoEncoder.cpp in Sources */,
				853E27F429B3082F00188EAC /* FFmpegVideoDemuxer.cpp in Sources */,
			);
			runOnlyForDeploymentPostprocessing = 0;
		};
/* End PBXSourcesBuildPhase section */

/* Begin XCBuildConfiguration section */
		850CE64529B2D2C600A01681 /* Debug */ = {
			isa = XCBuildConfiguration;
			buildSettings = {
				ALWAYS_SEARCH_USER_PATHS = NO;
				CLANG_ANALYZER_NONNULL = YES;
				CLANG_ANALYZER_NUMBER_OBJECT_CONVERSION = YES_AGGRESSIVE;
				CLANG_CXX_LANGUAGE_STANDARD = "gnu++17";
				CLANG_ENABLE_MODULES = YES;
				CLANG_ENABLE_OBJC_ARC = YES;
				CLANG_ENABLE_OBJC_WEAK = YES;
				CLANG_WARN_BLOCK_CAPTURE_AUTORELEASING = YES;
				CLANG_WARN_BOOL_CONVERSION = YES;
				CLANG_WARN_COMMA = YES;
				CLANG_WARN_CONSTANT_CONVERSION = YES;
				CLANG_WARN_DEPRECATED_OBJC_IMPLEMENTATIONS = YES;
				CLANG_WARN_DIRECT_OBJC_ISA_USAGE = YES_ERROR;
				CLANG_WARN_DOCUMENTATION_COMMENTS = YES;
				CLANG_WARN_EMPTY_BODY = YES;
				CLANG_WARN_ENUM_CONVERSION = YES;
				CLANG_WARN_INFINITE_RECURSION = YES;
				CLANG_WARN_INT_CONVERSION = YES;
				CLANG_WARN_NON_LITERAL_NULL_CONVERSION = YES;
				CLANG_WARN_OBJC_IMPLICIT_RETAIN_SELF = YES;
				CLANG_WARN_OBJC_LITERAL_CONVERSION = YES;
				CLANG_WARN_OBJC_ROOT_CLASS = YES_ERROR;
				CLANG_WARN_QUOTED_INCLUDE_IN_FRAMEWORK_HEADER = YES;
				CLANG_WARN_RANGE_LOOP_ANALYSIS = YES;
				CLANG_WARN_STRICT_PROTOTYPES = YES;
				CLANG_WARN_SUSPICIOUS_MOVE = YES;
				CLANG_WARN_UNGUARDED_AVAILABILITY = YES_AGGRESSIVE;
				CLANG_WARN_UNREACHABLE_CODE = YES;
				CLANG_WARN__DUPLICATE_METHOD_MATCH = YES;
				COPY_PHASE_STRIP = NO;
				CURRENT_PROJECT_VERSION = 1;
				DEBUG_INFORMATION_FORMAT = dwarf;
				ENABLE_STRICT_OBJC_MSGSEND = YES;
				ENABLE_TESTABILITY = YES;
				GCC_C_LANGUAGE_STANDARD = gnu11;
				GCC_DYNAMIC_NO_PIC = NO;
				GCC_NO_COMMON_BLOCKS = YES;
				GCC_OPTIMIZATION_LEVEL = 0;
				GCC_PREPROCESSOR_DEFINITIONS = (
					"DEBUG=1",
					"$(inherited)",
				);
				GCC_WARN_64_TO_32_BIT_CONVERSION = YES;
				GCC_WARN_ABOUT_RETURN_TYPE = YES_ERROR;
				GCC_WARN_UNDECLARED_SELECTOR = YES;
				GCC_WARN_UNINITIALIZED_AUTOS = YES_AGGRESSIVE;
				GCC_WARN_UNUSED_FUNCTION = YES;
				GCC_WARN_UNUSED_VARIABLE = YES;
				IPHONEOS_DEPLOYMENT_TARGET = 9.0;
				MTL_ENABLE_DEBUG_INFO = INCLUDE_SOURCE;
				MTL_FAST_MATH = YES;
				ONLY_ACTIVE_ARCH = YES;
				SDKROOT = iphoneos;
				VERSIONING_SYSTEM = "apple-generic";
				VERSION_INFO_PREFIX = "";
			};
			name = Debug;
		};
		850CE64629B2D2C600A01681 /* Release */ = {
			isa = XCBuildConfiguration;
			buildSettings = {
				ALWAYS_SEARCH_USER_PATHS = NO;
				CLANG_ANALYZER_NONNULL = YES;
				CLANG_ANALYZER_NUMBER_OBJECT_CONVERSION = YES_AGGRESSIVE;
				CLANG_CXX_LANGUAGE_STANDARD = "gnu++17";
				CLANG_ENABLE_MODULES = YES;
				CLANG_ENABLE_OBJC_ARC = YES;
				CLANG_ENABLE_OBJC_WEAK = YES;
				CLANG_WARN_BLOCK_CAPTURE_AUTORELEASING = YES;
				CLANG_WARN_BOOL_CONVERSION = YES;
				CLANG_WARN_COMMA = YES;
				CLANG_WARN_CONSTANT_CONVERSION = YES;
				CLANG_WARN_DEPRECATED_OBJC_IMPLEMENTATIONS = YES;
				CLANG_WARN_DIRECT_OBJC_ISA_USAGE = YES_ERROR;
				CLANG_WARN_DOCUMENTATION_COMMENTS = YES;
				CLANG_WARN_EMPTY_BODY = YES;
				CLANG_WARN_ENUM_CONVERSION = YES;
				CLANG_WARN_INFINITE_RECURSION = YES;
				CLANG_WARN_INT_CONVERSION = YES;
				CLANG_WARN_NON_LITERAL_NULL_CONVERSION = YES;
				CLANG_WARN_OBJC_IMPLICIT_RETAIN_SELF = YES;
				CLANG_WARN_OBJC_LITERAL_CONVERSION = YES;
				CLANG_WARN_OBJC_ROOT_CLASS = YES_ERROR;
				CLANG_WARN_QUOTED_INCLUDE_IN_FRAMEWORK_HEADER = YES;
				CLANG_WARN_RANGE_LOOP_ANALYSIS = YES;
				CLANG_WARN_STRICT_PROTOTYPES = YES;
				CLANG_WARN_SUSPICIOUS_MOVE = YES;
				CLANG_WARN_UNGUARDED_AVAILABILITY = YES_AGGRESSIVE;
				CLANG_WARN_UNREACHABLE_CODE = YES;
				CLANG_WARN__DUPLICATE_METHOD_MATCH = YES;
				COPY_PHASE_STRIP = NO;
				CURRENT_PROJECT_VERSION = 1;
				DEBUG_INFORMATION_FORMAT = "dwarf-with-dsym";
				ENABLE_NS_ASSERTIONS = NO;
				ENABLE_STRICT_OBJC_MSGSEND = YES;
				GCC_C_LANGUAGE_STANDARD = gnu11;
				GCC_NO_COMMON_BLOCKS = YES;
				GCC_WARN_64_TO_32_BIT_CONVERSION = YES;
				GCC_WARN_ABOUT_RETURN_TYPE = YES_ERROR;
				GCC_WARN_UNDECLARED_SELECTOR = YES;
				GCC_WARN_UNINITIALIZED_AUTOS = YES_AGGRESSIVE;
				GCC_WARN_UNUSED_FUNCTION = YES;
				GCC_WARN_UNUSED_VARIABLE = YES;
				IPHONEOS_DEPLOYMENT_TARGET = 9.0;
				MTL_ENABLE_DEBUG_INFO = NO;
				MTL_FAST_MATH = YES;
				SDKROOT = iphoneos;
				VALIDATE_PRODUCT = YES;
				VERSIONING_SYSTEM = "apple-generic";
				VERSION_INFO_PREFIX = "";
			};
			name = Release;
		};
		850CE64829B2D2C600A01681 /* Debug */ = {
			isa = XCBuildConfiguration;
			buildSettings = {
				CODE_SIGN_IDENTITY = "Apple Development";
				CODE_SIGN_STYLE = Automatic;
				CURRENT_PROJECT_VERSION = 1;
				DEFINES_MODULE = YES;
				DEVELOPMENT_TEAM = A25BQKLXTS;
				DYLIB_COMPATIBILITY_VERSION = 1;
				DYLIB_CURRENT_VERSION = 1;
				DYLIB_INSTALL_NAME_BASE = "@rpath";
				ENABLE_BITCODE = NO;
				EXPORTED_SYMBOLS_FILE = "$(SRCROOT)/ffmovie.lds";
				GCC_SYMBOLS_PRIVATE_EXTERN = NO;
				GENERATE_INFOPLIST_FILE = YES;
				HEADER_SEARCH_PATHS = (
					../include,
					../vendor/libyuv/include,
					../vendor/ffmpeg/include,
					../src,
					../vendor/parser/include,
				);
				INFOPLIST_KEY_NSHumanReadableCopyright = "";
				INSTALL_PATH = "$(LOCAL_LIBRARY_DIR)/Frameworks";
				LD_RUNPATH_SEARCH_PATHS = (
					"$(inherited)",
					"@executable_path/Frameworks",
					"@loader_path/Frameworks",
				);
				MARKETING_VERSION = 1.0;
				OTHER_LDFLAGS = (
					"-read_only_relocs",
					suppress,
					"-w",
				);
				PRODUCT_BUNDLE_IDENTIFIER = io.pag.FFMovie;
				PRODUCT_NAME = "$(TARGET_NAME:c99extidentifier)";
				SKIP_INSTALL = YES;
				STRIP_STYLE = all;
				SWIFT_EMIT_LOC_STRINGS = YES;
				TARGETED_DEVICE_FAMILY = "1,2";
			};
			name = Debug;
		};
		850CE64929B2D2C600A01681 /* Release */ = {
			isa = XCBuildConfiguration;
			buildSettings = {
				CODE_SIGN_IDENTITY = "Apple Development";
				CODE_SIGN_STYLE = Automatic;
				CURRENT_PROJECT_VERSION = 1;
				DEFINES_MODULE = YES;
				DEVELOPMENT_TEAM = A25BQKLXTS;
				DYLIB_COMPATIBILITY_VERSION = 1;
				DYLIB_CURRENT_VERSION = 1;
				DYLIB_INSTALL_NAME_BASE = "@rpath";
				ENABLE_BITCODE = NO;
				EXPORTED_SYMBOLS_FILE = "$(SRCROOT)/ffmovie.lds";
				GCC_SYMBOLS_PRIVATE_EXTERN = NO;
				GENERATE_INFOPLIST_FILE = YES;
				HEADER_SEARCH_PATHS = (
					../include,
					../vendor/libyuv/include,
					../vendor/ffmpeg/include,
					../src,
					../vendor/parser/include,
				);
				INFOPLIST_KEY_NSHumanReadableCopyright = "";
				INSTALL_PATH = "$(LOCAL_LIBRARY_DIR)/Frameworks";
				LD_RUNPATH_SEARCH_PATHS = (
					"$(inherited)",
					"@executable_path/Frameworks",
					"@loader_path/Frameworks",
				);
				MARKETING_VERSION = 1.0;
				OTHER_LDFLAGS = (
					"-read_only_relocs",
					suppress,
					"-w",
				);
				PRODUCT_BUNDLE_IDENTIFIER = io.pag.FFMovie;
				PRODUCT_NAME = "$(TARGET_NAME:c99extidentifier)";
				SKIP_INSTALL = YES;
				STRIP_STYLE = all;
				SWIFT_EMIT_LOC_STRINGS = YES;
				TARGETED_DEVICE_FAMILY = "1,2";
			};
			name = Release;
		};
/* End XCBuildConfiguration section */

/* Begin XCConfigurationList section */
		850CE62D29B2D2C600A01681 /* Build configuration list for PBXProject "FFMovie" */ = {
			isa = XCConfigurationList;
			buildConfigurations = (
				850CE64529B2D2C600A01681 /* Debug */,
				850CE64629B2D2C600A01681 /* Release */,
			);
			defaultConfigurationIsVisible = 0;
			defaultConfigurationName = Release;
		};
		850CE64729B2D2C600A01681 /* Build configuration list for PBXNativeTarget "FFMovie" */ = {
			isa = XCConfigurationList;
			buildConfigurations = (
				850CE64829B2D2C600A01681 /* Debug */,
				850CE64929B2D2C600A01681 /* Release */,
			);
			defaultConfigurationIsVisible = 0;
			defaultConfigurationName = Release;
		};
/* End XCConfigurationList section */
	};
	rootObject = 850CE62A29B2D2C600A01681 /* Project object */;
}
